
Microsoft Visual Studio Solution File, Format Version 12.00
# Visual Studio Version 17
VisualStudioVersion = 17.13.35825.156 d17.13
MinimumVisualStudioVersion = 10.0.40219.1
Project("{FAE04EC0-301F-11D3-BF4B-00C04F79EFBC}") = "LogiFastPTZ", "LogiFastPTZ\LogiFastPTZ.csproj", "{3AEB8D16-5EBA-4979-9E75-B0E76297C715}"
EndProject
Project("{FAE04EC0-301F-11D3-BF4B-00C04F79EFBC}") = "PTZDevice", "Logitech-BCC950-PTZ-Lib\PTZDevice.csproj", "{7345DC27-7F35-43AD-86B4-6826FC1475BE}"
EndProject
Global
	GlobalSection(SolutionConfigurationPlatforms) = preSolution
		Debug|Any CPU = Debug|Any CPU
		Release|Any CPU = Release|Any CPU
	EndGlobalSection
	GlobalSection(ProjectConfigurationPlatforms) = postSolution
		{3AEB8D16-5EBA-4979-9E75-B0E76297C715}.Debug|Any CPU.ActiveCfg = Debug|Any CPU
		{3AEB8D16-5EBA-4979-9E75-B0E76297C715}.Debug|Any CPU.Build.0 = Debug|Any CPU
		{3AEB8D16-5EBA-4979-9E75-B0E76297C715}.Release|Any CPU.ActiveCfg = Release|Any CPU
		{3AEB8D16-5EBA-4979-9E75-B0E76297C715}.Release|Any CPU.Build.0 = Release|Any CPU
		{7345DC27-7F35-43AD-86B4-6826FC1475BE}.Debug|Any CPU.ActiveCfg = Debug|Any CPU
		{7345DC27-7F35-43AD-86B4-6826FC1475BE}.Debug|Any CPU.Build.0 = Debug|Any CPU
		{7345DC27-7F35-43AD-86B4-6826FC1475BE}.Release|Any CPU.ActiveCfg = Release|Any CPU
		{7345DC27-7F35-43AD-86B4-6826FC1475BE}.Release|Any CPU.Build.0 = Release|Any CPU
	EndGlobalSection
	GlobalSection(SolutionProperties) = preSolution
		HideSolutionNode = FALSE
	EndGlobalSection
	GlobalSection(ExtensibilityGlobals) = postSolution
		SolutionGuid = {F9BDFDA7-1349-4C73-BDB8-EB1879A51B00}
	EndGlobalSection
EndGlobal
